
Microsoft Visual Studio Solution File, Format Version 12.00
# Visual Studio Version 17
VisualStudioVersion = 17.7.34031.279
MinimumVisualStudioVersion = 10.0.40219.1
Project("{FAE04EC0-301F-11D3-BF4B-00C04F79EFBC}") = "Prog2_Theory_Exam", "Prog2_Theory_Exam.csproj", "{781BDF8A-DA8D-43B0-839F-7BFDCBA5B748}"
EndProject
Global
	GlobalSection(SolutionConfigurationPlatforms) = preSolution
		Debug|Any CPU = Debug|Any CPU
		Release|Any CPU = Release|Any CPU
	EndGlobalSection
	GlobalSection(ProjectConfigurationPlatforms) = postSolution
		{781BDF8A-DA8D-43B0-839F-7BFDCBA5B748}.Debug|Any CPU.ActiveCfg = Debug|Any CPU
		{781BDF8A-DA8D-43B0-839F-7BFDCBA5B748}.Debug|Any CPU.Build.0 = Debug|Any CPU
		{781BDF8A-DA8D-43B0-839F-7BFDCBA5B748}.Release|Any CPU.ActiveCfg = Release|Any CPU
		{781BDF8A-DA8D-43B0-839F-7BFDCBA5B748}.Release|Any CPU.Build.0 = Release|Any CPU
	EndGlobalSection
	GlobalSection(SolutionProperties) = preSolution
		HideSolutionNode = FALSE
	EndGlobalSection
	GlobalSection(ExtensibilityGlobals) = postSolution
		SolutionGuid = {E3029F08-3747-4DF1-879C-D5172C39B329}
	EndGlobalSection
EndGlobal
